# THIS IS AN AUTOGENERATED FILE. DO NOT EDIT THIS FILE DIRECTLY.
# yarn lockfile v1


"eris@^0.14.0":
  "integrity" "sha512-/W6X0SFR2swtA9oc4ga5Wh1TQcZtPgbUaDDdwYc67fvFUAtwC+V1xzWUZq2yDeJnTfB8Uot9SJWA8Lthe2sDtQ=="
  "resolved" "https://registry.npmjs.org/eris/-/eris-0.14.0.tgz"
  "version" "0.14.0"
  dependencies:
    "ws" "^7.2.1"
  optionalDependencies:
    "opusscript" "^0.0.7"
    "tweetnacl" "^1.0.1"

"graceful-fs@^4.1.6":
  "integrity" "sha512-a30VEBm4PEdx1dRB7MFK7BejejvCvBronbLjht+sHuGYj8PHs7M/5Z+rt5lw551vZ7yfTCj4Vuyy3mSJytDWRQ=="
  "resolved" "https://registry.npmjs.org/graceful-fs/-/graceful-fs-4.2.3.tgz"
  "version" "4.2.3"

"jsonfile@^5.0.0":
  "integrity" "sha512-NQRZ5CRo74MhMMC3/3r5g2k4fjodJ/wh8MxjFbCViWKFjxrnudWSY5vomh+23ZaXzAS7J3fBZIR2dV6WbmfM0w=="
  "resolved" "https://registry.npmjs.org/jsonfile/-/jsonfile-5.0.0.tgz"
  "version" "5.0.0"
  dependencies:
    "universalify" "^0.1.2"
  optionalDependencies:
    "graceful-fs" "^4.1.6"

"opusscript@^0.0.7":
  "integrity" "sha512-DcBadTdYTUuH9zQtepsLjQn4Ll6rs3dmeFvN+SD0ThPnxRBRm/WC1zXWPg+wgAJimB784gdZvUMA57gDP7FdVg=="
  "resolved" "https://registry.npmjs.org/opusscript/-/opusscript-0.0.7.tgz"
  "version" "0.0.7"

"parse-ms@^2.1.0":
  "integrity" "sha512-kHt7kzLoS9VBZfUsiKjv43mr91ea+U05EyKkEtqp7vNbHxmaVuEqN7XxeEVnGrMtYOAxGrDElSi96K7EgO1zCA=="
  "resolved" "https://registry.npmjs.org/parse-ms/-/parse-ms-2.1.0.tgz"
  "version" "2.1.0"

"pretty-ms@^7.0.0":
  "integrity" "sha512-973driJZvxiGOQ5ONsFhOF/DtzPMOMtgC11kCpUrPGMTgqp2q/1gwzCquocrN33is0VZ5GFHXZYMM9l6h67v2Q=="
  "resolved" "https://registry.npmjs.org/pretty-ms/-/pretty-ms-7.0.1.tgz"
  "version" "7.0.1"
  dependencies:
    "parse-ms" "^2.1.0"

"tweetnacl@^1.0.1":
  "integrity" "sha512-kcoMoKTPYnoeS50tzoqjPY3Uv9axeuuFAZY9M/9zFnhoVvRfxz9K29IMPD7jGmt2c8SW7i3gT9WqDl2+nV7p4A=="
  "resolved" "https://registry.npmjs.org/tweetnacl/-/tweetnacl-1.0.1.tgz"
  "version" "1.0.1"

"universalify@^0.1.2":
  "integrity" "sha512-rBJeI5CXAlmy1pV+617WB9J63U6XcazHHF2f2dbJix4XzpUF0RS3Zbj0FGIOCAva5P/d/GBOYaACQ1w+0azUkg=="
  "resolved" "https://registry.npmjs.org/universalify/-/universalify-0.1.2.tgz"
  "version" "0.1.2"

"ws@^7.2.1":
  "integrity" "sha512-hr6vCR76GsossIRsr8OLR9acVVm1jyfEWvhbNjtgPOrfvAlKzvyeg/P6r8RuDjRyrcQoPQT7K0DGEPc7Ae6jzA=="
  "resolved" "https://registry.npmjs.org/ws/-/ws-7.4.3.tgz"
  "version" "7.4.3"
